// !$*UTF8*$!
{
	archiveVersion = 1;
	classes = {
	};
	objectVersion = 46;
	objects = {

/* Begin PBXBuildFile section */
		56290EA71BC521E8004C861A /* libopencv_calib3d.2.4.11.dylib in Frameworks */ = {isa = PBXBuildFile; fileRef = 56290E951BC521E8004C861A /* libopencv_calib3d.2.4.11.dylib */; settings = {ASSET_TAGS = (); }; };
		56290EA81BC521E8004C861A /* libopencv_contrib.2.4.11.dylib in Frameworks */ = {isa = PBXBuildFile; fileRef = 56290E961BC521E8004C861A /* libopencv_contrib.2.4.11.dylib */; settings = {ASSET_TAGS = (); }; };
		56290EA91BC521E8004C861A /* libopencv_core.2.4.11.dylib in Frameworks */ = {isa = PBXBuildFile; fileRef = 56290E971BC521E8004C861A /* libopencv_core.2.4.11.dylib */; settings = {ASSET_TAGS = (); }; };
		56290EAA1BC521E8004C861A /* libopencv_features2d.2.4.11.dylib in Frameworks */ = {isa = PBXBuildFile; fileRef = 56290E981BC521E8004C861A /* libopencv_features2d.2.4.11.dylib */; settings = {ASSET_TAGS = (); }; };
		56290EAB1BC521E8004C861A /* libopencv_flann.2.4.11.dylib in Frameworks */ = {isa = PBXBuildFile; fileRef = 56290E991BC521E8004C861A /* libopencv_flann.2.4.11.dylib */; settings = {ASSET_TAGS = (); }; };
		56290EAC1BC521E8004C861A /* libopencv_gpu.2.4.11.dylib in Frameworks */ = {isa = PBXBuildFile; fileRef = 56290E9A1BC521E8004C861A /* libopencv_gpu.2.4.11.dylib */; settings = {ASSET_TAGS = (); }; };
		56290EAD1BC521E8004C861A /* libopencv_highgui.2.4.11.dylib in Frameworks */ = {isa = PBXBuildFile; fileRef = 56290E9B1BC521E8004C861A /* libopencv_highgui.2.4.11.dylib */; settings = {ASSET_TAGS = (); }; };
		56290EAE1BC521E8004C861A /* libopencv_imgproc.2.4.11.dylib in Frameworks */ = {isa = PBXBuildFile; fileRef = 56290E9C1BC521E8004C861A /* libopencv_imgproc.2.4.11.dylib */; settings = {ASSET_TAGS = (); }; };
		56290EAF1BC521E8004C861A /* libopencv_legacy.2.4.11.dylib in Frameworks */ = {isa = PBXBuildFile; fileRef = 56290E9D1BC521E8004C861A /* libopencv_legacy.2.4.11.dylib */; settings = {ASSET_TAGS = (); }; };
		56290EB01BC521E8004C861A /* libopencv_ml.2.4.11.dylib in Frameworks */ = {isa = PBXBuildFile; fileRef = 56290E9E1BC521E8004C861A /* libopencv_ml.2.4.11.dylib */; settings = {ASSET_TAGS = (); }; };
		56290EB11BC521E8004C861A /* libopencv_nonfree.2.4.11.dylib in Frameworks */ = {isa = PBXBuildFile; fileRef = 56290E9F1BC521E8004C861A /* libopencv_nonfree.2.4.11.dylib */; settings = {ASSET_TAGS = (); }; };
		56290EB21BC521E8004C861A /* libopencv_objdetect.2.4.11.dylib in Frameworks */ = {isa = PBXBuildFile; fileRef = 56290EA01BC521E8004C861A /* libopencv_objdetect.2.4.11.dylib */; settings = {ASSET_TAGS = (); }; };
		56290EB31BC521E8004C861A /* libopencv_ocl.2.4.11.dylib in Frameworks */ = {isa = PBXBuildFile; fileRef = 56290EA11BC521E8004C861A /* libopencv_ocl.2.4.11.dylib */; settings = {ASSET_TAGS = (); }; };
		56290EB41BC521E8004C861A /* libopencv_photo.2.4.11.dylib in Frameworks */ = {isa = PBXBuildFile; fileRef = 56290EA21BC521E8004C861A /* libopencv_photo.2.4.11.dylib */; settings = {ASSET_TAGS = (); }; };
		56290EB51BC521E8004C861A /* libopencv_stitching.2.4.11.dylib in Frameworks */ = {isa = PBXBuildFile; fileRef = 56290EA31BC521E8004C861A /* libopencv_stitching.2.4.11.dylib */; settings = {ASSET_TAGS = (); }; };
		56290EB61BC521E8004C861A /* libopencv_superres.2.4.11.dylib in Frameworks */ = {isa = PBXBuildFile; fileRef = 56290EA41BC521E8004C861A /* libopencv_superres.2.4.11.dylib */; settings = {ASSET_TAGS = (); }; };
		56290EB71BC521E8004C861A /* libopencv_video.2.4.11.dylib in Frameworks */ = {isa = PBXBuildFile; fileRef = 56290EA51BC521E8004C861A /* libopencv_video.2.4.11.dylib */; settings = {ASSET_TAGS = (); }; };
		56290EB81BC521E8004C861A /* libopencv_videostab.2.4.11.dylib in Frameworks */ = {isa = PBXBuildFile; fileRef = 56290EA61BC521E8004C861A /* libopencv_videostab.2.4.11.dylib */; settings = {ASSET_TAGS = (); }; };
		56290EBB1BC7A219004C861A /* main.cpp in Sources */ = {isa = PBXBuildFile; fileRef = 5695B34D1BBDDF6E003738CD /* main.cpp */; settings = {ASSET_TAGS = (); }; };
		5695B3561BBDE261003738CD /* raw.cpp in Sources */ = {isa = PBXBuildFile; fileRef = 5695B3551BBDE261003738CD /* raw.cpp */; settings = {ASSET_TAGS = (); }; };
/* End PBXBuildFile section */

/* Begin PBXCopyFilesBuildPhase section */
		5695B3481BBDDF6E003738CD /* CopyFiles */ = {
			isa = PBXCopyFilesBuildPhase;
			buildActionMask = 2147483647;
			dstPath = /usr/share/man/man1/;
			dstSubfolderSpec = 0;
			files = (
			);
			runOnlyForDeploymentPostprocessing = 1;
		};
/* End PBXCopyFilesBuildPhase section */

/* Begin PBXFileReference section */
		56290E951BC521E8004C861A /* libopencv_calib3d.2.4.11.dylib */ = {isa = PBXFileReference; lastKnownFileType = "compiled.mach-o.dylib"; name = libopencv_calib3d.2.4.11.dylib; path = "/usr/local/lib/libopencv 2.4.11/libopencv_calib3d.2.4.11.dylib"; sourceTree = "<absolute>"; };
		56290E961BC521E8004C861A /* libopencv_contrib.2.4.11.dylib */ = {isa = PBXFileReference; lastKnownFileType = "compiled.mach-o.dylib"; name = libopencv_contrib.2.4.11.dylib; path = "/usr/local/lib/libopencv 2.4.11/libopencv_contrib.2.4.11.dylib"; sourceTree = "<absolute>"; };
		56290E971BC521E8004C861A /* libopencv_core.2.4.11.dylib */ = {isa = PBXFileReference; lastKnownFileType = "compiled.mach-o.dylib"; name = libopencv_core.2.4.11.dylib; path = "/usr/local/lib/libopencv 2.4.11/libopencv_core.2.4.11.dylib"; sourceTree = "<absolute>"; };
		56290E981BC521E8004C861A /* libopencv_features2d.2.4.11.dylib */ = {isa = PBXFileReference; lastKnownFileType = "compiled.mach-o.dylib"; name = libopencv_features2d.2.4.11.dylib; path = "/usr/local/lib/libopencv 2.4.11/libopencv_features2d.2.4.11.dylib"; sourceTree = "<absolute>"; };
		56290E991BC521E8004C861A /* libopencv_flann.2.4.11.dylib */ = {isa = PBXFileReference; lastKnownFileType = "compiled.mach-o.dylib"; name = libopencv_flann.2.4.11.dylib; path = "/usr/local/lib/libopencv 2.4.11/libopencv_flann.2.4.11.dylib"; sourceTree = "<absolute>"; };
		56290E9A1BC521E8004C861A /* libopencv_gpu.2.4.11.dylib */ = {isa = PBXFileReference; lastKnownFileType = "compiled.mach-o.dylib"; name = libopencv_gpu.2.4.11.dylib; path = "/usr/local/lib/libopencv 2.4.11/libopencv_gpu.2.4.11.dylib"; sourceTree = "<absolute>"; };
		56290E9B1BC521E8004C861A /* libopencv_highgui.2.4.11.dylib */ = {isa = PBXFileReference; lastKnownFileType = "compiled.mach-o.dylib"; name = libopencv_highgui.2.4.11.dylib; path = "/usr/local/lib/libopencv 2.4.11/libopencv_highgui.2.4.11.dylib"; sourceTree = "<absolute>"; };
		56290E9C1BC521E8004C861A /* libopencv_imgproc.2.4.11.dylib */ = {isa = PBXFileReference; lastKnownFileType = "compiled.mach-o.dylib"; name = libopencv_imgproc.2.4.11.dylib; path = "/usr/local/lib/libopencv 2.4.11/libopencv_imgproc.2.4.11.dylib"; sourceTree = "<absolute>"; };
		56290E9D1BC521E8004C861A /* libopencv_legacy.2.4.11.dylib */ = {isa = PBXFileReference; lastKnownFileType = "compiled.mach-o.dylib"; name = libopencv_legacy.2.4.11.dylib; path = "/usr/local/lib/libopencv 2.4.11/libopencv_legacy.2.4.11.dylib"; sourceTree = "<absolute>"; };
		56290E9E1BC521E8004C861A /* libopencv_ml.2.4.11.dylib */ = {isa = PBXFileReference; lastKnownFileType = "compiled.mach-o.dylib"; name = libopencv_ml.2.4.11.dylib; path = "/usr/local/lib/libopencv 2.4.11/libopencv_ml.2.4.11.dylib"; sourceTree = "<absolute>"; };
		56290E9F1BC521E8004C861A /* libopencv_nonfree.2.4.11.dylib */ = {isa = PBXFileReference; lastKnownFileType = "compiled.mach-o.dylib"; name = libopencv_nonfree.2.4.11.dylib; path = "/usr/local/lib/libopencv 2.4.11/libopencv_nonfree.2.4.11.dylib"; sourceTree = "<absolute>"; };
		56290EA01BC521E8004C861A /* libopencv_objdetect.2.4.11.dylib */ = {isa = PBXFileReference; lastKnownFileType = "compiled.mach-o.dylib"; name = libopencv_objdetect.2.4.11.dylib; path = "/usr/local/lib/libopencv 2.4.11/libopencv_objdetect.2.4.11.dylib"; sourceTree = "<absolute>"; };
		56290EA11BC521E8004C861A /* libopencv_ocl.2.4.11.dylib */ = {isa = PBXFileReference; lastKnownFileType = "compiled.mach-o.dylib"; name = libopencv_ocl.2.4.11.dylib; path = "/usr/local/lib/libopencv 2.4.11/libopencv_ocl.2.4.11.dylib"; sourceTree = "<absolute>"; };
		56290EA21BC521E8004C861A /* libopencv_photo.2.4.11.dylib */ = {isa = PBXFileReference; lastKnownFileType = "compiled.mach-o.dylib"; name = libopencv_photo.2.4.11.dylib; path = "/usr/local/lib/libopencv 2.4.11/libopencv_photo.2.4.11.dylib"; sourceTree = "<absolute>"; };
		56290EA31BC521E8004C861A /* libopencv_stitching.2.4.11.dylib */ = {isa = PBXFileReference; lastKnownFileType = "compiled.mach-o.dylib"; name = libopencv_stitching.2.4.11.dylib; path = "/usr/local/lib/libopencv 2.4.11/libopencv_stitching.2.4.11.dylib"; sourceTree = "<absolute>"; };
		56290EA41BC521E8004C861A /* libopencv_superres.2.4.11.dylib */ = {isa = PBXFileReference; lastKnownFileType = "compiled.mach-o.dylib"; name = libopencv_superres.2.4.11.dylib; path = "/usr/local/lib/libopencv 2.4.11/libopencv_superres.2.4.11.dylib"; sourceTree = "<absolute>"; };
		56290EA51BC521E8004C861A /* libopencv_video.2.4.11.dylib */ = {isa = PBXFileReference; lastKnownFileType = "compiled.mach-o.dylib"; name = libopencv_video.2.4.11.dylib; path = "/usr/local/lib/libopencv 2.4.11/libopencv_video.2.4.11.dylib"; sourceTree = "<absolute>"; };
		56290EA61BC521E8004C861A /* libopencv_videostab.2.4.11.dylib */ = {isa = PBXFileReference; lastKnownFileType = "compiled.mach-o.dylib"; name = libopencv_videostab.2.4.11.dylib; path = "/usr/local/lib/libopencv 2.4.11/libopencv_videostab.2.4.11.dylib"; sourceTree = "<absolute>"; };
		56290ED01BCA2E88004C861A /* raw.h */ = {isa = PBXFileReference; lastKnownFileType = sourcecode.c.h; path = raw.h; sourceTree = "<group>"; };
		5695B34A1BBDDF6E003738CD /* 569HW2 */ = {isa = PBXFileReference; explicitFileType = "compiled.mach-o.executable"; includeInIndex = 0; path = 569HW2; sourceTree = BUILT_PRODUCTS_DIR; };
		5695B34D1BBDDF6E003738CD /* main.cpp */ = {isa = PBXFileReference; lastKnownFileType = sourcecode.cpp.cpp; path = main.cpp; sourceTree = "<group>"; };
		5695B3551BBDE261003738CD /* raw.cpp */ = {isa = PBXFileReference; fileEncoding = 4; lastKnownFileType = sourcecode.cpp.cpp; path = raw.cpp; sourceTree = "<group>"; };
/* End PBXFileReference section */

/* Begin PBXFrameworksBuildPhase section */
		5695B3471BBDDF6E003738CD /* Frameworks */ = {
			isa = PBXFrameworksBuildPhase;
			buildActionMask = 2147483647;
			files = (
				56290EAB1BC521E8004C861A /* libopencv_flann.2.4.11.dylib in Frameworks */,
				56290EB51BC521E8004C861A /* libopencv_stitching.2.4.11.dylib in Frameworks */,
				56290EAC1BC521E8004C861A /* libopencv_gpu.2.4.11.dylib in Frameworks */,
				56290EB71BC521E8004C861A /* libopencv_video.2.4.11.dylib in Frameworks */,
				56290EA81BC521E8004C861A /* libopencv_contrib.2.4.11.dylib in Frameworks */,
				56290EAD1BC521E8004C861A /* libopencv_highgui.2.4.11.dylib in Frameworks */,
				56290EAE1BC521E8004C861A /* libopencv_imgproc.2.4.11.dylib in Frameworks */,
				56290EB31BC521E8004C861A /* libopencv_ocl.2.4.11.dylib in Frameworks */,
				56290EAA1BC521E8004C861A /* libopencv_features2d.2.4.11.dylib in Frameworks */,
				56290EB41BC521E8004C861A /* libopencv_photo.2.4.11.dylib in Frameworks */,
				56290EA91BC521E8004C861A /* libopencv_core.2.4.11.dylib in Frameworks */,
				56290EA71BC521E8004C861A /* libopencv_calib3d.2.4.11.dylib in Frameworks */,
				56290EAF1BC521E8004C861A /* libopencv_legacy.2.4.11.dylib in Frameworks */,
				56290EB01BC521E8004C861A /* libopencv_ml.2.4.11.dylib in Frameworks */,
				56290EB61BC521E8004C861A /* libopencv_superres.2.4.11.dylib in Frameworks */,
				56290EB21BC521E8004C861A /* libopencv_objdetect.2.4.11.dylib in Frameworks */,
				56290EB81BC521E8004C861A /* libopencv_videostab.2.4.11.dylib in Frameworks */,
				56290EB11BC521E8004C861A /* libopencv_nonfree.2.4.11.dylib in Frameworks */,
			);
			runOnlyForDeploymentPostprocessing = 0;
		};
/* End PBXFrameworksBuildPhase section */

/* Begin PBXGroup section */
		56290EB91BC521EF004C861A /* opencvlib */ = {
			isa = PBXGroup;
			children = (
				56290E961BC521E8004C861A /* libopencv_contrib.2.4.11.dylib */,
				56290E971BC521E8004C861A /* libopencv_core.2.4.11.dylib */,
				56290E981BC521E8004C861A /* libopencv_features2d.2.4.11.dylib */,
				56290E991BC521E8004C861A /* libopencv_flann.2.4.11.dylib */,
				56290E9A1BC521E8004C861A /* libopencv_gpu.2.4.11.dylib */,
				56290E9B1BC521E8004C861A /* libopencv_highgui.2.4.11.dylib */,
				56290E9C1BC521E8004C861A /* libopencv_imgproc.2.4.11.dylib */,
				56290E9D1BC521E8004C861A /* libopencv_legacy.2.4.11.dylib */,
				56290E9E1BC521E8004C861A /* libopencv_ml.2.4.11.dylib */,
				56290E9F1BC521E8004C861A /* libopencv_nonfree.2.4.11.dylib */,
				56290EA01BC521E8004C861A /* libopencv_objdetect.2.4.11.dylib */,
				56290EA11BC521E8004C861A /* libopencv_ocl.2.4.11.dylib */,
				56290EA21BC521E8004C861A /* libopencv_photo.2.4.11.dylib */,
				56290EA31BC521E8004C861A /* libopencv_stitching.2.4.11.dylib */,
				56290EA41BC521E8004C861A /* libopencv_superres.2.4.11.dylib */,
				56290EA51BC521E8004C861A /* libopencv_video.2.4.11.dylib */,
				56290EA61BC521E8004C861A /* libopencv_videostab.2.4.11.dylib */,
				56290E951BC521E8004C861A /* libopencv_calib3d.2.4.11.dylib */,
			);
			name = opencvlib;
			sourceTree = "<group>";
		};
		5695B3411BBDDF6E003738CD = {
			isa = PBXGroup;
			children = (
				56290EB91BC521EF004C861A /* opencvlib */,
				5695B34C1BBDDF6E003738CD /* 569HW2 */,
				5695B34B1BBDDF6E003738CD /* Products */,
			);
			sourceTree = "<group>";
		};
		5695B34B1BBDDF6E003738CD /* Products */ = {
			isa = PBXGroup;
			children = (
				5695B34A1BBDDF6E003738CD /* 569HW2 */,
			);
			name = Products;
			sourceTree = "<group>";
		};
		5695B34C1BBDDF6E003738CD /* 569HW2 */ = {
			isa = PBXGroup;
			children = (
				5695B3551BBDE261003738CD /* raw.cpp */,
				56290ED01BCA2E88004C861A /* raw.h */,
				5695B34D1BBDDF6E003738CD /* main.cpp */,
			);
			path = 569HW2;
			sourceTree = "<group>";
		};
/* End PBXGroup section */

/* Begin PBXNativeTarget section */
		5695B3491BBDDF6E003738CD /* 569HW2 */ = {
			isa = PBXNativeTarget;
			buildConfigurationList = 5695B3511BBDDF6E003738CD /* Build configuration list for PBXNativeTarget "569HW2" */;
			buildPhases = (
				5695B3461BBDDF6E003738CD /* Sources */,
				5695B3471BBDDF6E003738CD /* Frameworks */,
				5695B3481BBDDF6E003738CD /* CopyFiles */,
			);
			buildRules = (
			);
			dependencies = (
			);
			name = 569HW2;
			productName = 569HW2;
			productReference = 5695B34A1BBDDF6E003738CD /* 569HW2 */;
			productType = "com.apple.product-type.tool";
		};
/* End PBXNativeTarget section */

/* Begin PBXProject section */
		5695B3421BBDDF6E003738CD /* Project object */ = {
			isa = PBXProject;
			attributes = {
				LastUpgradeCheck = 0700;
				ORGANIZATIONNAME = LiuHengyue;
				TargetAttributes = {
					5695B3491BBDDF6E003738CD = {
						CreatedOnToolsVersion = 7.0;
					};
				};
			};
			buildConfigurationList = 5695B3451BBDDF6E003738CD /* Build configuration list for PBXProject "569HW2" */;
			compatibilityVersion = "Xcode 3.2";
			developmentRegion = English;
			hasScannedForEncodings = 0;
			knownRegions = (
				en,
			);
			mainGroup = 5695B3411BBDDF6E003738CD;
			productRefGroup = 5695B34B1BBDDF6E003738CD /* Products */;
			projectDirPath = "";
			projectRoot = "";
			targets = (
				5695B3491BBDDF6E003738CD /* 569HW2 */,
			);
		};
/* End PBXProject section */

/* Begin PBXSourcesBuildPhase section */
		5695B3461BBDDF6E003738CD /* Sources */ = {
			isa = PBXSourcesBuildPhase;
			buildActionMask = 2147483647;
			files = (
				56290EBB1BC7A219004C861A /* main.cpp in Sources */,
				5695B3561BBDE261003738CD /* raw.cpp in Sources */,
			);
			runOnlyForDeploymentPostprocessing = 0;
		};
/* End PBXSourcesBuildPhase section */

/* Begin XCBuildConfiguration section */
		5695B34F1BBDDF6E003738CD /* Debug */ = {
			isa = XCBuildConfiguration;
			buildSettings = {
				ALWAYS_SEARCH_USER_PATHS = NO;
				CLANG_CXX_LANGUAGE_STANDARD = "gnu++0x";
				CLANG_CXX_LIBRARY = "libc++";
				CLANG_ENABLE_MODULES = YES;
				CLANG_ENABLE_OBJC_ARC = YES;
				CLANG_WARN_BOOL_CONVERSION = YES;
				CLANG_WARN_CONSTANT_CONVERSION = YES;
				CLANG_WARN_DIRECT_OBJC_ISA_USAGE = YES_ERROR;
				CLANG_WARN_EMPTY_BODY = YES;
				CLANG_WARN_ENUM_CONVERSION = YES;
				CLANG_WARN_INT_CONVERSION = YES;
				CLANG_WARN_OBJC_ROOT_CLASS = YES_ERROR;
				CLANG_WARN_UNREACHABLE_CODE = YES;
				CLANG_WARN__DUPLICATE_METHOD_MATCH = YES;
				COPY_PHASE_STRIP = NO;
				DEBUG_INFORMATION_FORMAT = dwarf;
				ENABLE_STRICT_OBJC_MSGSEND = YES;
				ENABLE_TESTABILITY = YES;
				GCC_C_LANGUAGE_STANDARD = gnu99;
				GCC_DYNAMIC_NO_PIC = NO;
				GCC_NO_COMMON_BLOCKS = YES;
				GCC_OPTIMIZATION_LEVEL = 0;
				GCC_PREPROCESSOR_DEFINITIONS = (
					"DEBUG=1",
					"$(inherited)",
				);
				GCC_WARN_64_TO_32_BIT_CONVERSION = YES;
				GCC_WARN_ABOUT_RETURN_TYPE = YES_ERROR;
				GCC_WARN_UNDECLARED_SELECTOR = YES;
				GCC_WARN_UNINITIALIZED_AUTOS = YES_AGGRESSIVE;
				GCC_WARN_UNUSED_FUNCTION = YES;
				GCC_WARN_UNUSED_VARIABLE = YES;
				MACOSX_DEPLOYMENT_TARGET = 10.10;
				MTL_ENABLE_DEBUG_INFO = YES;
				ONLY_ACTIVE_ARCH = YES;
				SDKROOT = macosx;
			};
			name = Debug;
		};
		5695B3501BBDDF6E003738CD /* Release */ = {
			isa = XCBuildConfiguration;
			buildSettings = {
				ALWAYS_SEARCH_USER_PATHS = NO;
				CLANG_CXX_LANGUAGE_STANDARD = "gnu++0x";
				CLANG_CXX_LIBRARY = "libc++";
				CLANG_ENABLE_MODULES = YES;
				CLANG_ENABLE_OBJC_ARC = YES;
				CLANG_WARN_BOOL_CONVERSION = YES;
				CLANG_WARN_CONSTANT_CONVERSION = YES;
				CLANG_WARN_DIRECT_OBJC_ISA_USAGE = YES_ERROR;
				CLANG_WARN_EMPTY_BODY = YES;
				CLANG_WARN_ENUM_CONVERSION = YES;
				CLANG_WARN_INT_CONVERSION = YES;
				CLANG_WARN_OBJC_ROOT_CLASS = YES_ERROR;
				CLANG_WARN_UNREACHABLE_CODE = YES;
				CLANG_WARN__DUPLICATE_METHOD_MATCH = YES;
				COPY_PHASE_STRIP = NO;
				DEBUG_INFORMATION_FORMAT = "dwarf-with-dsym";
				ENABLE_NS_ASSERTIONS = NO;
				ENABLE_STRICT_OBJC_MSGSEND = YES;
				GCC_C_LANGUAGE_STANDARD = gnu99;
				GCC_NO_COMMON_BLOCKS = YES;
				GCC_WARN_64_TO_32_BIT_CONVERSION = YES;
				GCC_WARN_ABOUT_RETURN_TYPE = YES_ERROR;
				GCC_WARN_UNDECLARED_SELECTOR = YES;
				GCC_WARN_UNINITIALIZED_AUTOS = YES_AGGRESSIVE;
				GCC_WARN_UNUSED_FUNCTION = YES;
				GCC_WARN_UNUSED_VARIABLE = YES;
				MACOSX_DEPLOYMENT_TARGET = 10.10;
				MTL_ENABLE_DEBUG_INFO = NO;
				SDKROOT = macosx;
			};
			name = Release;
		};
		5695B3521BBDDF6E003738CD /* Debug */ = {
			isa = XCBuildConfiguration;
			buildSettings = {
				HEADER_SEARCH_PATHS = /usr/local/include;
				LIBRARY_SEARCH_PATHS = /usr/local/lib;
				PRODUCT_NAME = "$(TARGET_NAME)";
			};
			name = Debug;
		};
		5695B3531BBDDF6E003738CD /* Release */ = {
			isa = XCBuildConfiguration;
			buildSettings = {
				HEADER_SEARCH_PATHS = /usr/local/include;
				LIBRARY_SEARCH_PATHS = /usr/local/lib;
				PRODUCT_NAME = "$(TARGET_NAME)";
			};
			name = Release;
		};
/* End XCBuildConfiguration section */

/* Begin XCConfigurationList section */
		5695B3451BBDDF6E003738CD /* Build configuration list for PBXProject "569HW2" */ = {
			isa = XCConfigurationList;
			buildConfigurations = (
				5695B34F1BBDDF6E003738CD /* Debug */,
				5695B3501BBDDF6E003738CD /* Release */,
			);
			defaultConfigurationIsVisible = 0;
			defaultConfigurationName = Release;
		};
		5695B3511BBDDF6E003738CD /* Build configuration list for PBXNativeTarget "569HW2" */ = {
			isa = XCConfigurationList;
			buildConfigurations = (
				5695B3521BBDDF6E003738CD /* Debug */,
				5695B3531BBDDF6E003738CD /* Release */,
			);
			defaultConfigurationIsVisible = 0;
			defaultConfigurationName = Release;
		};
/* End XCConfigurationList section */
	};
	rootObject = 5695B3421BBDDF6E003738CD /* Project object */;
}
