// !$*UTF8*$!
{
	archiveVersion = 1;
	classes = {
	};
	objectVersion = 46;
	objects = {

/* Begin PBXBuildFile section */
		56290EBB1BC7A219004C861A /* 569hw2.cpp in Sources */ = {isa = PBXBuildFile; fileRef = 5695B34D1BBDDF6E003738CD /* 569hw2.cpp */; };
		5695B3561BBDE261003738CD /* raw.cpp in Sources */ = {isa = PBXBuildFile; fileRef = 5695B3551BBDE261003738CD /* raw.cpp */; };
		56EF496A1BF5F8F700714103 /* libopencv_calib3d.2.4.11.dylib in Frameworks */ = {isa = PBXBuildFile; fileRef = 56EF49581BF5F8F700714103 /* libopencv_calib3d.2.4.11.dylib */; };
		56EF496B1BF5F8F700714103 /* libopencv_contrib.2.4.11.dylib in Frameworks */ = {isa = PBXBuildFile; fileRef = 56EF49591BF5F8F700714103 /* libopencv_contrib.2.4.11.dylib */; };
		56EF496C1BF5F8F700714103 /* libopencv_core.2.4.11.dylib in Frameworks */ = {isa = PBXBuildFile; fileRef = 56EF495A1BF5F8F700714103 /* libopencv_core.2.4.11.dylib */; };
		56EF496D1BF5F8F700714103 /* libopencv_features2d.2.4.11.dylib in Frameworks */ = {isa = PBXBuildFile; fileRef = 56EF495B1BF5F8F700714103 /* libopencv_features2d.2.4.11.dylib */; };
		56EF496E1BF5F8F700714103 /* libopencv_flann.2.4.11.dylib in Frameworks */ = {isa = PBXBuildFile; fileRef = 56EF495C1BF5F8F700714103 /* libopencv_flann.2.4.11.dylib */; };
		56EF496F1BF5F8F700714103 /* libopencv_gpu.2.4.11.dylib in Frameworks */ = {isa = PBXBuildFile; fileRef = 56EF495D1BF5F8F700714103 /* libopencv_gpu.2.4.11.dylib */; };
		56EF49701BF5F8F700714103 /* libopencv_highgui.2.4.11.dylib in Frameworks */ = {isa = PBXBuildFile; fileRef = 56EF495E1BF5F8F700714103 /* libopencv_highgui.2.4.11.dylib */; };
		56EF49711BF5F8F700714103 /* libopencv_imgproc.2.4.11.dylib in Frameworks */ = {isa = PBXBuildFile; fileRef = 56EF495F1BF5F8F700714103 /* libopencv_imgproc.2.4.11.dylib */; };
		56EF49721BF5F8F700714103 /* libopencv_legacy.2.4.11.dylib in Frameworks */ = {isa = PBXBuildFile; fileRef = 56EF49601BF5F8F700714103 /* libopencv_legacy.2.4.11.dylib */; };
		56EF49731BF5F8F700714103 /* libopencv_ml.2.4.11.dylib in Frameworks */ = {isa = PBXBuildFile; fileRef = 56EF49611BF5F8F700714103 /* libopencv_ml.2.4.11.dylib */; };
		56EF49741BF5F8F700714103 /* libopencv_nonfree.2.4.11.dylib in Frameworks */ = {isa = PBXBuildFile; fileRef = 56EF49621BF5F8F700714103 /* libopencv_nonfree.2.4.11.dylib */; };
		56EF49751BF5F8F700714103 /* libopencv_objdetect.2.4.11.dylib in Frameworks */ = {isa = PBXBuildFile; fileRef = 56EF49631BF5F8F700714103 /* libopencv_objdetect.2.4.11.dylib */; };
		56EF49761BF5F8F700714103 /* libopencv_ocl.2.4.11.dylib in Frameworks */ = {isa = PBXBuildFile; fileRef = 56EF49641BF5F8F700714103 /* libopencv_ocl.2.4.11.dylib */; };
		56EF49771BF5F8F700714103 /* libopencv_photo.2.4.11.dylib in Frameworks */ = {isa = PBXBuildFile; fileRef = 56EF49651BF5F8F700714103 /* libopencv_photo.2.4.11.dylib */; };
		56EF49781BF5F8F700714103 /* libopencv_stitching.2.4.11.dylib in Frameworks */ = {isa = PBXBuildFile; fileRef = 56EF49661BF5F8F700714103 /* libopencv_stitching.2.4.11.dylib */; };
		56EF49791BF5F8F700714103 /* libopencv_superres.2.4.11.dylib in Frameworks */ = {isa = PBXBuildFile; fileRef = 56EF49671BF5F8F700714103 /* libopencv_superres.2.4.11.dylib */; };
		56EF497A1BF5F8F700714103 /* libopencv_video.2.4.11.dylib in Frameworks */ = {isa = PBXBuildFile; fileRef = 56EF49681BF5F8F700714103 /* libopencv_video.2.4.11.dylib */; };
		56EF497B1BF5F8F700714103 /* libopencv_videostab.2.4.11.dylib in Frameworks */ = {isa = PBXBuildFile; fileRef = 56EF49691BF5F8F700714103 /* libopencv_videostab.2.4.11.dylib */; };
/* End PBXBuildFile section */

/* Begin PBXCopyFilesBuildPhase section */
		5695B3481BBDDF6E003738CD /* CopyFiles */ = {
			isa = PBXCopyFilesBuildPhase;
			buildActionMask = 2147483647;
			dstPath = /usr/share/man/man1/;
			dstSubfolderSpec = 0;
			files = (
			);
			runOnlyForDeploymentPostprocessing = 1;
		};
/* End PBXCopyFilesBuildPhase section */

/* Begin PBXFileReference section */
		56290ED01BCA2E88004C861A /* raw.h */ = {isa = PBXFileReference; lastKnownFileType = sourcecode.c.h; path = raw.h; sourceTree = "<group>"; };
		5695B34A1BBDDF6E003738CD /* 569HW2 */ = {isa = PBXFileReference; explicitFileType = "compiled.mach-o.executable"; includeInIndex = 0; path = 569HW2; sourceTree = BUILT_PRODUCTS_DIR; };
		5695B34D1BBDDF6E003738CD /* 569hw2.cpp */ = {isa = PBXFileReference; lastKnownFileType = sourcecode.cpp.cpp; path = 569hw2.cpp; sourceTree = "<group>"; };
		5695B3551BBDE261003738CD /* raw.cpp */ = {isa = PBXFileReference; fileEncoding = 4; lastKnownFileType = sourcecode.cpp.cpp; path = raw.cpp; sourceTree = "<group>"; };
		56EF49581BF5F8F700714103 /* libopencv_calib3d.2.4.11.dylib */ = {isa = PBXFileReference; lastKnownFileType = "compiled.mach-o.dylib"; path = libopencv_calib3d.2.4.11.dylib; sourceTree = "<group>"; };
		56EF49591BF5F8F700714103 /* libopencv_contrib.2.4.11.dylib */ = {isa = PBXFileReference; lastKnownFileType = "compiled.mach-o.dylib"; path = libopencv_contrib.2.4.11.dylib; sourceTree = "<group>"; };
		56EF495A1BF5F8F700714103 /* libopencv_core.2.4.11.dylib */ = {isa = PBXFileReference; lastKnownFileType = "compiled.mach-o.dylib"; path = libopencv_core.2.4.11.dylib; sourceTree = "<group>"; };
		56EF495B1BF5F8F700714103 /* libopencv_features2d.2.4.11.dylib */ = {isa = PBXFileReference; lastKnownFileType = "compiled.mach-o.dylib"; path = libopencv_features2d.2.4.11.dylib; sourceTree = "<group>"; };
		56EF495C1BF5F8F700714103 /* libopencv_flann.2.4.11.dylib */ = {isa = PBXFileReference; lastKnownFileType = "compiled.mach-o.dylib"; path = libopencv_flann.2.4.11.dylib; sourceTree = "<group>"; };
		56EF495D1BF5F8F700714103 /* libopencv_gpu.2.4.11.dylib */ = {isa = PBXFileReference; lastKnownFileType = "compiled.mach-o.dylib"; path = libopencv_gpu.2.4.11.dylib; sourceTree = "<group>"; };
		56EF495E1BF5F8F700714103 /* libopencv_highgui.2.4.11.dylib */ = {isa = PBXFileReference; lastKnownFileType = "compiled.mach-o.dylib"; path = libopencv_highgui.2.4.11.dylib; sourceTree = "<group>"; };
		56EF495F1BF5F8F700714103 /* libopencv_imgproc.2.4.11.dylib */ = {isa = PBXFileReference; lastKnownFileType = "compiled.mach-o.dylib"; path = libopencv_imgproc.2.4.11.dylib; sourceTree = "<group>"; };
		56EF49601BF5F8F700714103 /* libopencv_legacy.2.4.11.dylib */ = {isa = PBXFileReference; lastKnownFileType = "compiled.mach-o.dylib"; path = libopencv_legacy.2.4.11.dylib; sourceTree = "<group>"; };
		56EF49611BF5F8F700714103 /* libopencv_ml.2.4.11.dylib */ = {isa = PBXFileReference; lastKnownFileType = "compiled.mach-o.dylib"; path = libopencv_ml.2.4.11.dylib; sourceTree = "<group>"; };
		56EF49621BF5F8F700714103 /* libopencv_nonfree.2.4.11.dylib */ = {isa = PBXFileReference; lastKnownFileType = "compiled.mach-o.dylib"; path = libopencv_nonfree.2.4.11.dylib; sourceTree = "<group>"; };
		56EF49631BF5F8F700714103 /* libopencv_objdetect.2.4.11.dylib */ = {isa = PBXFileReference; lastKnownFileType = "compiled.mach-o.dylib"; path = libopencv_objdetect.2.4.11.dylib; sourceTree = "<group>"; };
		56EF49641BF5F8F700714103 /* libopencv_ocl.2.4.11.dylib */ = {isa = PBXFileReference; lastKnownFileType = "compiled.mach-o.dylib"; path = libopencv_ocl.2.4.11.dylib; sourceTree = "<group>"; };
		56EF49651BF5F8F700714103 /* libopencv_photo.2.4.11.dylib */ = {isa = PBXFileReference; lastKnownFileType = "compiled.mach-o.dylib"; path = libopencv_photo.2.4.11.dylib; sourceTree = "<group>"; };
		56EF49661BF5F8F700714103 /* libopencv_stitching.2.4.11.dylib */ = {isa = PBXFileReference; lastKnownFileType = "compiled.mach-o.dylib"; path = libopencv_stitching.2.4.11.dylib; sourceTree = "<group>"; };
		56EF49671BF5F8F700714103 /* libopencv_superres.2.4.11.dylib */ = {isa = PBXFileReference; lastKnownFileType = "compiled.mach-o.dylib"; path = libopencv_superres.2.4.11.dylib; sourceTree = "<group>"; };
		56EF49681BF5F8F700714103 /* libopencv_video.2.4.11.dylib */ = {isa = PBXFileReference; lastKnownFileType = "compiled.mach-o.dylib"; path = libopencv_video.2.4.11.dylib; sourceTree = "<group>"; };
		56EF49691BF5F8F700714103 /* libopencv_videostab.2.4.11.dylib */ = {isa = PBXFileReference; lastKnownFileType = "compiled.mach-o.dylib"; path = libopencv_videostab.2.4.11.dylib; sourceTree = "<group>"; };
/* End PBXFileReference section */

/* Begin PBXFrameworksBuildPhase section */
		5695B3471BBDDF6E003738CD /* Frameworks */ = {
			isa = PBXFrameworksBuildPhase;
			buildActionMask = 2147483647;
			files = (
				56EF496E1BF5F8F700714103 /* libopencv_flann.2.4.11.dylib in Frameworks */,
				56EF49781BF5F8F700714103 /* libopencv_stitching.2.4.11.dylib in Frameworks */,
				56EF496F1BF5F8F700714103 /* libopencv_gpu.2.4.11.dylib in Frameworks */,
				56EF497A1BF5F8F700714103 /* libopencv_video.2.4.11.dylib in Frameworks */,
				56EF496B1BF5F8F700714103 /* libopencv_contrib.2.4.11.dylib in Frameworks */,
				56EF49701BF5F8F700714103 /* libopencv_highgui.2.4.11.dylib in Frameworks */,
				56EF49711BF5F8F700714103 /* libopencv_imgproc.2.4.11.dylib in Frameworks */,
				56EF49761BF5F8F700714103 /* libopencv_ocl.2.4.11.dylib in Frameworks */,
				56EF496D1BF5F8F700714103 /* libopencv_features2d.2.4.11.dylib in Frameworks */,
				56EF49771BF5F8F700714103 /* libopencv_photo.2.4.11.dylib in Frameworks */,
				56EF496C1BF5F8F700714103 /* libopencv_core.2.4.11.dylib in Frameworks */,
				56EF496A1BF5F8F700714103 /* libopencv_calib3d.2.4.11.dylib in Frameworks */,
				56EF49721BF5F8F700714103 /* libopencv_legacy.2.4.11.dylib in Frameworks */,
				56EF49731BF5F8F700714103 /* libopencv_ml.2.4.11.dylib in Frameworks */,
				56EF49791BF5F8F700714103 /* libopencv_superres.2.4.11.dylib in Frameworks */,
				56EF49751BF5F8F700714103 /* libopencv_objdetect.2.4.11.dylib in Frameworks */,
				56EF497B1BF5F8F700714103 /* libopencv_videostab.2.4.11.dylib in Frameworks */,
				56EF49741BF5F8F700714103 /* libopencv_nonfree.2.4.11.dylib in Frameworks */,
			);
			runOnlyForDeploymentPostprocessing = 0;
		};
/* End PBXFrameworksBuildPhase section */

/* Begin PBXGroup section */
		5695B3411BBDDF6E003738CD = {
			isa = PBXGroup;
			children = (
				56EF49571BF5F8F700714103 /* libopencv 2.4.11 */,
				5695B34C1BBDDF6E003738CD /* 569HW2 */,
				5695B34B1BBDDF6E003738CD /* Products */,
			);
			sourceTree = "<group>";
		};
		5695B34B1BBDDF6E003738CD /* Products */ = {
			isa = PBXGroup;
			children = (
				5695B34A1BBDDF6E003738CD /* 569HW2 */,
			);
			name = Products;
			sourceTree = "<group>";
		};
		5695B34C1BBDDF6E003738CD /* 569HW2 */ = {
			isa = PBXGroup;
			children = (
				5695B3551BBDE261003738CD /* raw.cpp */,
				56290ED01BCA2E88004C861A /* raw.h */,
				5695B34D1BBDDF6E003738CD /* 569hw2.cpp */,
			);
			path = 569HW2;
			sourceTree = "<group>";
		};
		56EF49571BF5F8F700714103 /* libopencv 2.4.11 */ = {
			isa = PBXGroup;
			children = (
				56EF49581BF5F8F700714103 /* libopencv_calib3d.2.4.11.dylib */,
				56EF49591BF5F8F700714103 /* libopencv_contrib.2.4.11.dylib */,
				56EF495A1BF5F8F700714103 /* libopencv_core.2.4.11.dylib */,
				56EF495B1BF5F8F700714103 /* libopencv_features2d.2.4.11.dylib */,
				56EF495C1BF5F8F700714103 /* libopencv_flann.2.4.11.dylib */,
				56EF495D1BF5F8F700714103 /* libopencv_gpu.2.4.11.dylib */,
				56EF495E1BF5F8F700714103 /* libopencv_highgui.2.4.11.dylib */,
				56EF495F1BF5F8F700714103 /* libopencv_imgproc.2.4.11.dylib */,
				56EF49601BF5F8F700714103 /* libopencv_legacy.2.4.11.dylib */,
				56EF49611BF5F8F700714103 /* libopencv_ml.2.4.11.dylib */,
				56EF49621BF5F8F700714103 /* libopencv_nonfree.2.4.11.dylib */,
				56EF49631BF5F8F700714103 /* libopencv_objdetect.2.4.11.dylib */,
				56EF49641BF5F8F700714103 /* libopencv_ocl.2.4.11.dylib */,
				56EF49651BF5F8F700714103 /* libopencv_photo.2.4.11.dylib */,
				56EF49661BF5F8F700714103 /* libopencv_stitching.2.4.11.dylib */,
				56EF49671BF5F8F700714103 /* libopencv_superres.2.4.11.dylib */,
				56EF49681BF5F8F700714103 /* libopencv_video.2.4.11.dylib */,
				56EF49691BF5F8F700714103 /* libopencv_videostab.2.4.11.dylib */,
			);
			name = "libopencv 2.4.11";
			path = "../../../../../../usr/local/lib/libopencv 2.4.11";
			sourceTree = "<group>";
		};
/* End PBXGroup section */

/* Begin PBXNativeTarget section */
		5695B3491BBDDF6E003738CD /* 569HW2 */ = {
			isa = PBXNativeTarget;
			buildConfigurationList = 5695B3511BBDDF6E003738CD /* Build configuration list for PBXNativeTarget "569HW2" */;
			buildPhases = (
				5695B3461BBDDF6E003738CD /* Sources */,
				5695B3471BBDDF6E003738CD /* Frameworks */,
				5695B3481BBDDF6E003738CD /* CopyFiles */,
			);
			buildRules = (
			);
			dependencies = (
			);
			name = 569HW2;
			productName = 569HW2;
			productReference = 5695B34A1BBDDF6E003738CD /* 569HW2 */;
			productType = "com.apple.product-type.tool";
		};
/* End PBXNativeTarget section */

/* Begin PBXProject section */
		5695B3421BBDDF6E003738CD /* Project object */ = {
			isa = PBXProject;
			attributes = {
				LastUpgradeCheck = 0700;
				ORGANIZATIONNAME = LiuHengyue;
				TargetAttributes = {
					5695B3491BBDDF6E003738CD = {
						CreatedOnToolsVersion = 7.0;
					};
				};
			};
			buildConfigurationList = 5695B3451BBDDF6E003738CD /* Build configuration list for PBXProject "569HW2" */;
			compatibilityVersion = "Xcode 3.2";
			developmentRegion = English;
			hasScannedForEncodings = 0;
			knownRegions = (
				en,
			);
			mainGroup = 5695B3411BBDDF6E003738CD;
			productRefGroup = 5695B34B1BBDDF6E003738CD /* Products */;
			projectDirPath = "";
			projectRoot = "";
			targets = (
				5695B3491BBDDF6E003738CD /* 569HW2 */,
			);
		};
/* End PBXProject section */

/* Begin PBXSourcesBuildPhase section */
		5695B3461BBDDF6E003738CD /* Sources */ = {
			isa = PBXSourcesBuildPhase;
			buildActionMask = 2147483647;
			files = (
				56290EBB1BC7A219004C861A /* 569hw2.cpp in Sources */,
				5695B3561BBDE261003738CD /* raw.cpp in Sources */,
			);
			runOnlyForDeploymentPostprocessing = 0;
		};
/* End PBXSourcesBuildPhase section */

/* Begin XCBuildConfiguration section */
		5695B34F1BBDDF6E003738CD /* Debug */ = {
			isa = XCBuildConfiguration;
			buildSettings = {
				ALWAYS_SEARCH_USER_PATHS = NO;
				CLANG_CXX_LANGUAGE_STANDARD = "gnu++0x";
				CLANG_CXX_LIBRARY = "libc++";
				CLANG_ENABLE_MODULES = YES;
				CLANG_ENABLE_OBJC_ARC = YES;
				CLANG_WARN_BOOL_CONVERSION = YES;
				CLANG_WARN_CONSTANT_CONVERSION = YES;
				CLANG_WARN_DIRECT_OBJC_ISA_USAGE = YES_ERROR;
				CLANG_WARN_EMPTY_BODY = YES;
				CLANG_WARN_ENUM_CONVERSION = YES;
				CLANG_WARN_INT_CONVERSION = YES;
				CLANG_WARN_OBJC_ROOT_CLASS = YES_ERROR;
				CLANG_WARN_UNREACHABLE_CODE = YES;
				CLANG_WARN__DUPLICATE_METHOD_MATCH = YES;
				COPY_PHASE_STRIP = NO;
				DEBUG_INFORMATION_FORMAT = dwarf;
				ENABLE_STRICT_OBJC_MSGSEND = YES;
				ENABLE_TESTABILITY = YES;
				GCC_C_LANGUAGE_STANDARD = gnu99;
				GCC_DYNAMIC_NO_PIC = NO;
				GCC_NO_COMMON_BLOCKS = YES;
				GCC_OPTIMIZATION_LEVEL = 0;
				GCC_PREPROCESSOR_DEFINITIONS = (
					"DEBUG=1",
					"$(inherited)",
				);
				GCC_WARN_64_TO_32_BIT_CONVERSION = YES;
				GCC_WARN_ABOUT_RETURN_TYPE = YES_ERROR;
				GCC_WARN_UNDECLARED_SELECTOR = YES;
				GCC_WARN_UNINITIALIZED_AUTOS = YES_AGGRESSIVE;
				GCC_WARN_UNUSED_FUNCTION = YES;
				GCC_WARN_UNUSED_VARIABLE = YES;
				MACOSX_DEPLOYMENT_TARGET = 10.10;
				MTL_ENABLE_DEBUG_INFO = YES;
				ONLY_ACTIVE_ARCH = YES;
				SDKROOT = macosx;
			};
			name = Debug;
		};
		5695B3501BBDDF6E003738CD /* Release */ = {
			isa = XCBuildConfiguration;
			buildSettings = {
				ALWAYS_SEARCH_USER_PATHS = NO;
				CLANG_CXX_LANGUAGE_STANDARD = "gnu++0x";
				CLANG_CXX_LIBRARY = "libc++";
				CLANG_ENABLE_MODULES = YES;
				CLANG_ENABLE_OBJC_ARC = YES;
				CLANG_WARN_BOOL_CONVERSION = YES;
				CLANG_WARN_CONSTANT_CONVERSION = YES;
				CLANG_WARN_DIRECT_OBJC_ISA_USAGE = YES_ERROR;
				CLANG_WARN_EMPTY_BODY = YES;
				CLANG_WARN_ENUM_CONVERSION = YES;
				CLANG_WARN_INT_CONVERSION = YES;
				CLANG_WARN_OBJC_ROOT_CLASS = YES_ERROR;
				CLANG_WARN_UNREACHABLE_CODE = YES;
				CLANG_WARN__DUPLICATE_METHOD_MATCH = YES;
				COPY_PHASE_STRIP = NO;
				DEBUG_INFORMATION_FORMAT = "dwarf-with-dsym";
				ENABLE_NS_ASSERTIONS = NO;
				ENABLE_STRICT_OBJC_MSGSEND = YES;
				GCC_C_LANGUAGE_STANDARD = gnu99;
				GCC_NO_COMMON_BLOCKS = YES;
				GCC_WARN_64_TO_32_BIT_CONVERSION = YES;
				GCC_WARN_ABOUT_RETURN_TYPE = YES_ERROR;
				GCC_WARN_UNDECLARED_SELECTOR = YES;
				GCC_WARN_UNINITIALIZED_AUTOS = YES_AGGRESSIVE;
				GCC_WARN_UNUSED_FUNCTION = YES;
				GCC_WARN_UNUSED_VARIABLE = YES;
				MACOSX_DEPLOYMENT_TARGET = 10.10;
				MTL_ENABLE_DEBUG_INFO = NO;
				SDKROOT = macosx;
			};
			name = Release;
		};
		5695B3521BBDDF6E003738CD /* Debug */ = {
			isa = XCBuildConfiguration;
			buildSettings = {
				HEADER_SEARCH_PATHS = /usr/local/include;
				LIBRARY_SEARCH_PATHS = "\"/usr/local/lib/libopencv 2.4.11\"";
				PRODUCT_NAME = "$(TARGET_NAME)";
			};
			name = Debug;
		};
		5695B3531BBDDF6E003738CD /* Release */ = {
			isa = XCBuildConfiguration;
			buildSettings = {
				HEADER_SEARCH_PATHS = /usr/local/include;
				LIBRARY_SEARCH_PATHS = "\"/usr/local/lib/libopencv 2.4.11\"";
				PRODUCT_NAME = "$(TARGET_NAME)";
			};
			name = Release;
		};
/* End XCBuildConfiguration section */

/* Begin XCConfigurationList section */
		5695B3451BBDDF6E003738CD /* Build configuration list for PBXProject "569HW2" */ = {
			isa = XCConfigurationList;
			buildConfigurations = (
				5695B34F1BBDDF6E003738CD /* Debug */,
				5695B3501BBDDF6E003738CD /* Release */,
			);
			defaultConfigurationIsVisible = 0;
			defaultConfigurationName = Release;
		};
		5695B3511BBDDF6E003738CD /* Build configuration list for PBXNativeTarget "569HW2" */ = {
			isa = XCConfigurationList;
			buildConfigurations = (
				5695B3521BBDDF6E003738CD /* Debug */,
				5695B3531BBDDF6E003738CD /* Release */,
			);
			defaultConfigurationIsVisible = 0;
			defaultConfigurationName = Release;
		};
/* End XCConfigurationList section */
	};
	rootObject = 5695B3421BBDDF6E003738CD /* Project object */;
}
