// !$*UTF8*$!
{
	archiveVersion = 1;
	classes = {
	};
	objectVersion = 46;
	objects = {

/* Begin PBXBuildFile section */
		56EAB40D1BF9CFB600E9A4BC /* EE569_HW3.cpp in Sources */ = {isa = PBXBuildFile; fileRef = 56EAB40B1BF9CFB600E9A4BC /* EE569_HW3.cpp */; };
		56EF47571BF5F4F300714103 /* 569hw4_p1.cpp in Sources */ = {isa = PBXBuildFile; fileRef = 56EF47561BF5F4F300714103 /* 569hw4_p1.cpp */; };
		56EF497E1BF5FD6F00714103 /* raw.cpp in Sources */ = {isa = PBXBuildFile; fileRef = 56EF497C1BF5FD6F00714103 /* raw.cpp */; };
		56EF49921BF5FD8000714103 /* libopencv_calib3d.2.4.11.dylib in Frameworks */ = {isa = PBXBuildFile; fileRef = 56EF49801BF5FD8000714103 /* libopencv_calib3d.2.4.11.dylib */; };
		56EF49931BF5FD8000714103 /* libopencv_contrib.2.4.11.dylib in Frameworks */ = {isa = PBXBuildFile; fileRef = 56EF49811BF5FD8000714103 /* libopencv_contrib.2.4.11.dylib */; };
		56EF49941BF5FD8000714103 /* libopencv_core.2.4.11.dylib in Frameworks */ = {isa = PBXBuildFile; fileRef = 56EF49821BF5FD8000714103 /* libopencv_core.2.4.11.dylib */; };
		56EF49951BF5FD8000714103 /* libopencv_features2d.2.4.11.dylib in Frameworks */ = {isa = PBXBuildFile; fileRef = 56EF49831BF5FD8000714103 /* libopencv_features2d.2.4.11.dylib */; };
		56EF49961BF5FD8000714103 /* libopencv_flann.2.4.11.dylib in Frameworks */ = {isa = PBXBuildFile; fileRef = 56EF49841BF5FD8000714103 /* libopencv_flann.2.4.11.dylib */; };
		56EF49971BF5FD8000714103 /* libopencv_gpu.2.4.11.dylib in Frameworks */ = {isa = PBXBuildFile; fileRef = 56EF49851BF5FD8000714103 /* libopencv_gpu.2.4.11.dylib */; };
		56EF49981BF5FD8000714103 /* libopencv_highgui.2.4.11.dylib in Frameworks */ = {isa = PBXBuildFile; fileRef = 56EF49861BF5FD8000714103 /* libopencv_highgui.2.4.11.dylib */; };
		56EF49991BF5FD8000714103 /* libopencv_imgproc.2.4.11.dylib in Frameworks */ = {isa = PBXBuildFile; fileRef = 56EF49871BF5FD8000714103 /* libopencv_imgproc.2.4.11.dylib */; };
		56EF499A1BF5FD8000714103 /* libopencv_legacy.2.4.11.dylib in Frameworks */ = {isa = PBXBuildFile; fileRef = 56EF49881BF5FD8000714103 /* libopencv_legacy.2.4.11.dylib */; };
		56EF499B1BF5FD8000714103 /* libopencv_ml.2.4.11.dylib in Frameworks */ = {isa = PBXBuildFile; fileRef = 56EF49891BF5FD8000714103 /* libopencv_ml.2.4.11.dylib */; };
		56EF499C1BF5FD8000714103 /* libopencv_nonfree.2.4.11.dylib in Frameworks */ = {isa = PBXBuildFile; fileRef = 56EF498A1BF5FD8000714103 /* libopencv_nonfree.2.4.11.dylib */; };
		56EF499D1BF5FD8000714103 /* libopencv_objdetect.2.4.11.dylib in Frameworks */ = {isa = PBXBuildFile; fileRef = 56EF498B1BF5FD8000714103 /* libopencv_objdetect.2.4.11.dylib */; };
		56EF499E1BF5FD8000714103 /* libopencv_ocl.2.4.11.dylib in Frameworks */ = {isa = PBXBuildFile; fileRef = 56EF498C1BF5FD8000714103 /* libopencv_ocl.2.4.11.dylib */; };
		56EF499F1BF5FD8000714103 /* libopencv_photo.2.4.11.dylib in Frameworks */ = {isa = PBXBuildFile; fileRef = 56EF498D1BF5FD8000714103 /* libopencv_photo.2.4.11.dylib */; };
		56EF49A01BF5FD8000714103 /* libopencv_stitching.2.4.11.dylib in Frameworks */ = {isa = PBXBuildFile; fileRef = 56EF498E1BF5FD8000714103 /* libopencv_stitching.2.4.11.dylib */; };
		56EF49A11BF5FD8000714103 /* libopencv_superres.2.4.11.dylib in Frameworks */ = {isa = PBXBuildFile; fileRef = 56EF498F1BF5FD8000714103 /* libopencv_superres.2.4.11.dylib */; };
		56EF49A21BF5FD8000714103 /* libopencv_video.2.4.11.dylib in Frameworks */ = {isa = PBXBuildFile; fileRef = 56EF49901BF5FD8000714103 /* libopencv_video.2.4.11.dylib */; };
		56EF49A31BF5FD8000714103 /* libopencv_videostab.2.4.11.dylib in Frameworks */ = {isa = PBXBuildFile; fileRef = 56EF49911BF5FD8000714103 /* libopencv_videostab.2.4.11.dylib */; };
		56F6DC6C1C0576E500965929 /* 569hw4_p3.cpp in Sources */ = {isa = PBXBuildFile; fileRef = 56F6DC6B1C0576E500965929 /* 569hw4_p3.cpp */; };
/* End PBXBuildFile section */

/* Begin PBXCopyFilesBuildPhase section */
		56EF47511BF5F4F300714103 /* CopyFiles */ = {
			isa = PBXCopyFilesBuildPhase;
			buildActionMask = 2147483647;
			dstPath = /usr/share/man/man1/;
			dstSubfolderSpec = 0;
			files = (
			);
			runOnlyForDeploymentPostprocessing = 1;
		};
/* End PBXCopyFilesBuildPhase section */

/* Begin PBXFileReference section */
		56EAB40B1BF9CFB600E9A4BC /* EE569_HW3.cpp */ = {isa = PBXFileReference; fileEncoding = 4; lastKnownFileType = sourcecode.cpp.cpp; name = EE569_HW3.cpp; path = ../../569_HW3/569_HW3/EE569_HW3.cpp; sourceTree = "<group>"; };
		56EAB40C1BF9CFB600E9A4BC /* EE569_HW3.h */ = {isa = PBXFileReference; fileEncoding = 4; lastKnownFileType = sourcecode.c.h; name = EE569_HW3.h; path = ../../569_HW3/569_HW3/EE569_HW3.h; sourceTree = "<group>"; };
		56EF47531BF5F4F300714103 /* 569hw4 */ = {isa = PBXFileReference; explicitFileType = "compiled.mach-o.executable"; includeInIndex = 0; path = 569hw4; sourceTree = BUILT_PRODUCTS_DIR; };
		56EF47561BF5F4F300714103 /* 569hw4_p1.cpp */ = {isa = PBXFileReference; lastKnownFileType = sourcecode.cpp.cpp; path = 569hw4_p1.cpp; sourceTree = "<group>"; };
		56EF497C1BF5FD6F00714103 /* raw.cpp */ = {isa = PBXFileReference; fileEncoding = 4; lastKnownFileType = sourcecode.cpp.cpp; name = raw.cpp; path = "../../../Google Drive/EE569/hw2/569HW2/569HW2/raw.cpp"; sourceTree = "<group>"; };
		56EF497D1BF5FD6F00714103 /* raw.h */ = {isa = PBXFileReference; fileEncoding = 4; lastKnownFileType = sourcecode.c.h; name = raw.h; path = "../../../Google Drive/EE569/hw2/569HW2/569HW2/raw.h"; sourceTree = "<group>"; };
		56EF49801BF5FD8000714103 /* libopencv_calib3d.2.4.11.dylib */ = {isa = PBXFileReference; lastKnownFileType = "compiled.mach-o.dylib"; path = libopencv_calib3d.2.4.11.dylib; sourceTree = "<group>"; };
		56EF49811BF5FD8000714103 /* libopencv_contrib.2.4.11.dylib */ = {isa = PBXFileReference; lastKnownFileType = "compiled.mach-o.dylib"; path = libopencv_contrib.2.4.11.dylib; sourceTree = "<group>"; };
		56EF49821BF5FD8000714103 /* libopencv_core.2.4.11.dylib */ = {isa = PBXFileReference; lastKnownFileType = "compiled.mach-o.dylib"; path = libopencv_core.2.4.11.dylib; sourceTree = "<group>"; };
		56EF49831BF5FD8000714103 /* libopencv_features2d.2.4.11.dylib */ = {isa = PBXFileReference; lastKnownFileType = "compiled.mach-o.dylib"; path = libopencv_features2d.2.4.11.dylib; sourceTree = "<group>"; };
		56EF49841BF5FD8000714103 /* libopencv_flann.2.4.11.dylib */ = {isa = PBXFileReference; lastKnownFileType = "compiled.mach-o.dylib"; path = libopencv_flann.2.4.11.dylib; sourceTree = "<group>"; };
		56EF49851BF5FD8000714103 /* libopencv_gpu.2.4.11.dylib */ = {isa = PBXFileReference; lastKnownFileType = "compiled.mach-o.dylib"; path = libopencv_gpu.2.4.11.dylib; sourceTree = "<group>"; };
		56EF49861BF5FD8000714103 /* libopencv_highgui.2.4.11.dylib */ = {isa = PBXFileReference; lastKnownFileType = "compiled.mach-o.dylib"; path = libopencv_highgui.2.4.11.dylib; sourceTree = "<group>"; };
		56EF49871BF5FD8000714103 /* libopencv_imgproc.2.4.11.dylib */ = {isa = PBXFileReference; lastKnownFileType = "compiled.mach-o.dylib"; path = libopencv_imgproc.2.4.11.dylib; sourceTree = "<group>"; };
		56EF49881BF5FD8000714103 /* libopencv_legacy.2.4.11.dylib */ = {isa = PBXFileReference; lastKnownFileType = "compiled.mach-o.dylib"; path = libopencv_legacy.2.4.11.dylib; sourceTree = "<group>"; };
		56EF49891BF5FD8000714103 /* libopencv_ml.2.4.11.dylib */ = {isa = PBXFileReference; lastKnownFileType = "compiled.mach-o.dylib"; path = libopencv_ml.2.4.11.dylib; sourceTree = "<group>"; };
		56EF498A1BF5FD8000714103 /* libopencv_nonfree.2.4.11.dylib */ = {isa = PBXFileReference; lastKnownFileType = "compiled.mach-o.dylib"; path = libopencv_nonfree.2.4.11.dylib; sourceTree = "<group>"; };
		56EF498B1BF5FD8000714103 /* libopencv_objdetect.2.4.11.dylib */ = {isa = PBXFileReference; lastKnownFileType = "compiled.mach-o.dylib"; path = libopencv_objdetect.2.4.11.dylib; sourceTree = "<group>"; };
		56EF498C1BF5FD8000714103 /* libopencv_ocl.2.4.11.dylib */ = {isa = PBXFileReference; lastKnownFileType = "compiled.mach-o.dylib"; path = libopencv_ocl.2.4.11.dylib; sourceTree = "<group>"; };
		56EF498D1BF5FD8000714103 /* libopencv_photo.2.4.11.dylib */ = {isa = PBXFileReference; lastKnownFileType = "compiled.mach-o.dylib"; path = libopencv_photo.2.4.11.dylib; sourceTree = "<group>"; };
		56EF498E1BF5FD8000714103 /* libopencv_stitching.2.4.11.dylib */ = {isa = PBXFileReference; lastKnownFileType = "compiled.mach-o.dylib"; path = libopencv_stitching.2.4.11.dylib; sourceTree = "<group>"; };
		56EF498F1BF5FD8000714103 /* libopencv_superres.2.4.11.dylib */ = {isa = PBXFileReference; lastKnownFileType = "compiled.mach-o.dylib"; path = libopencv_superres.2.4.11.dylib; sourceTree = "<group>"; };
		56EF49901BF5FD8000714103 /* libopencv_video.2.4.11.dylib */ = {isa = PBXFileReference; lastKnownFileType = "compiled.mach-o.dylib"; path = libopencv_video.2.4.11.dylib; sourceTree = "<group>"; };
		56EF49911BF5FD8000714103 /* libopencv_videostab.2.4.11.dylib */ = {isa = PBXFileReference; lastKnownFileType = "compiled.mach-o.dylib"; path = libopencv_videostab.2.4.11.dylib; sourceTree = "<group>"; };
		56EF49A41BF5FD9200714103 /* 569hw4.h */ = {isa = PBXFileReference; lastKnownFileType = sourcecode.c.h; path = 569hw4.h; sourceTree = "<group>"; };
		56F6DC6B1C0576E500965929 /* 569hw4_p3.cpp */ = {isa = PBXFileReference; fileEncoding = 4; lastKnownFileType = sourcecode.cpp.cpp; path = 569hw4_p3.cpp; sourceTree = "<group>"; };
/* End PBXFileReference section */

/* Begin PBXFrameworksBuildPhase section */
		56EF47501BF5F4F300714103 /* Frameworks */ = {
			isa = PBXFrameworksBuildPhase;
			buildActionMask = 2147483647;
			files = (
				56EF49961BF5FD8000714103 /* libopencv_flann.2.4.11.dylib in Frameworks */,
				56EF49A01BF5FD8000714103 /* libopencv_stitching.2.4.11.dylib in Frameworks */,
				56EF49971BF5FD8000714103 /* libopencv_gpu.2.4.11.dylib in Frameworks */,
				56EF49A21BF5FD8000714103 /* libopencv_video.2.4.11.dylib in Frameworks */,
				56EF49931BF5FD8000714103 /* libopencv_contrib.2.4.11.dylib in Frameworks */,
				56EF49981BF5FD8000714103 /* libopencv_highgui.2.4.11.dylib in Frameworks */,
				56EF49991BF5FD8000714103 /* libopencv_imgproc.2.4.11.dylib in Frameworks */,
				56EF499E1BF5FD8000714103 /* libopencv_ocl.2.4.11.dylib in Frameworks */,
				56EF49951BF5FD8000714103 /* libopencv_features2d.2.4.11.dylib in Frameworks */,
				56EF499F1BF5FD8000714103 /* libopencv_photo.2.4.11.dylib in Frameworks */,
				56EF49941BF5FD8000714103 /* libopencv_core.2.4.11.dylib in Frameworks */,
				56EF49921BF5FD8000714103 /* libopencv_calib3d.2.4.11.dylib in Frameworks */,
				56EF499A1BF5FD8000714103 /* libopencv_legacy.2.4.11.dylib in Frameworks */,
				56EF499B1BF5FD8000714103 /* libopencv_ml.2.4.11.dylib in Frameworks */,
				56EF49A11BF5FD8000714103 /* libopencv_superres.2.4.11.dylib in Frameworks */,
				56EF499D1BF5FD8000714103 /* libopencv_objdetect.2.4.11.dylib in Frameworks */,
				56EF49A31BF5FD8000714103 /* libopencv_videostab.2.4.11.dylib in Frameworks */,
				56EF499C1BF5FD8000714103 /* libopencv_nonfree.2.4.11.dylib in Frameworks */,
			);
			runOnlyForDeploymentPostprocessing = 0;
		};
/* End PBXFrameworksBuildPhase section */

/* Begin PBXGroup section */
		56EF474A1BF5F4F300714103 = {
			isa = PBXGroup;
			children = (
				56EAB40B1BF9CFB600E9A4BC /* EE569_HW3.cpp */,
				56EAB40C1BF9CFB600E9A4BC /* EE569_HW3.h */,
				56EF497F1BF5FD8000714103 /* libopencv 2.4.11 */,
				56EF497C1BF5FD6F00714103 /* raw.cpp */,
				56EF497D1BF5FD6F00714103 /* raw.h */,
				56EF47551BF5F4F300714103 /* 569hw4 */,
				56EF47541BF5F4F300714103 /* Products */,
			);
			sourceTree = "<group>";
		};
		56EF47541BF5F4F300714103 /* Products */ = {
			isa = PBXGroup;
			children = (
				56EF47531BF5F4F300714103 /* 569hw4 */,
			);
			name = Products;
			sourceTree = "<group>";
		};
		56EF47551BF5F4F300714103 /* 569hw4 */ = {
			isa = PBXGroup;
			children = (
				56EF47561BF5F4F300714103 /* 569hw4_p1.cpp */,
				56F6DC6B1C0576E500965929 /* 569hw4_p3.cpp */,
				56EF49A41BF5FD9200714103 /* 569hw4.h */,
			);
			path = 569hw4;
			sourceTree = "<group>";
		};
		56EF497F1BF5FD8000714103 /* libopencv 2.4.11 */ = {
			isa = PBXGroup;
			children = (
				56EF49801BF5FD8000714103 /* libopencv_calib3d.2.4.11.dylib */,
				56EF49811BF5FD8000714103 /* libopencv_contrib.2.4.11.dylib */,
				56EF49821BF5FD8000714103 /* libopencv_core.2.4.11.dylib */,
				56EF49831BF5FD8000714103 /* libopencv_features2d.2.4.11.dylib */,
				56EF49841BF5FD8000714103 /* libopencv_flann.2.4.11.dylib */,
				56EF49851BF5FD8000714103 /* libopencv_gpu.2.4.11.dylib */,
				56EF49861BF5FD8000714103 /* libopencv_highgui.2.4.11.dylib */,
				56EF49871BF5FD8000714103 /* libopencv_imgproc.2.4.11.dylib */,
				56EF49881BF5FD8000714103 /* libopencv_legacy.2.4.11.dylib */,
				56EF49891BF5FD8000714103 /* libopencv_ml.2.4.11.dylib */,
				56EF498A1BF5FD8000714103 /* libopencv_nonfree.2.4.11.dylib */,
				56EF498B1BF5FD8000714103 /* libopencv_objdetect.2.4.11.dylib */,
				56EF498C1BF5FD8000714103 /* libopencv_ocl.2.4.11.dylib */,
				56EF498D1BF5FD8000714103 /* libopencv_photo.2.4.11.dylib */,
				56EF498E1BF5FD8000714103 /* libopencv_stitching.2.4.11.dylib */,
				56EF498F1BF5FD8000714103 /* libopencv_superres.2.4.11.dylib */,
				56EF49901BF5FD8000714103 /* libopencv_video.2.4.11.dylib */,
				56EF49911BF5FD8000714103 /* libopencv_videostab.2.4.11.dylib */,
			);
			name = "libopencv 2.4.11";
			path = "../../../../../usr/local/lib/libopencv 2.4.11";
			sourceTree = "<group>";
		};
/* End PBXGroup section */

/* Begin PBXNativeTarget section */
		56EF47521BF5F4F300714103 /* 569hw4 */ = {
			isa = PBXNativeTarget;
			buildConfigurationList = 56EF475A1BF5F4F300714103 /* Build configuration list for PBXNativeTarget "569hw4" */;
			buildPhases = (
				56EF474F1BF5F4F300714103 /* Sources */,
				56EF47501BF5F4F300714103 /* Frameworks */,
				56EF47511BF5F4F300714103 /* CopyFiles */,
			);
			buildRules = (
			);
			dependencies = (
			);
			name = 569hw4;
			productName = 569hw4;
			productReference = 56EF47531BF5F4F300714103 /* 569hw4 */;
			productType = "com.apple.product-type.tool";
		};
/* End PBXNativeTarget section */

/* Begin PBXProject section */
		56EF474B1BF5F4F300714103 /* Project object */ = {
			isa = PBXProject;
			attributes = {
				LastUpgradeCheck = 0710;
				ORGANIZATIONNAME = LiuHengyue;
				TargetAttributes = {
					56EF47521BF5F4F300714103 = {
						CreatedOnToolsVersion = 7.1.1;
					};
				};
			};
			buildConfigurationList = 56EF474E1BF5F4F300714103 /* Build configuration list for PBXProject "569hw4" */;
			compatibilityVersion = "Xcode 3.2";
			developmentRegion = English;
			hasScannedForEncodings = 0;
			knownRegions = (
				en,
			);
			mainGroup = 56EF474A1BF5F4F300714103;
			productRefGroup = 56EF47541BF5F4F300714103 /* Products */;
			projectDirPath = "";
			projectRoot = "";
			targets = (
				56EF47521BF5F4F300714103 /* 569hw4 */,
			);
		};
/* End PBXProject section */

/* Begin PBXSourcesBuildPhase section */
		56EF474F1BF5F4F300714103 /* Sources */ = {
			isa = PBXSourcesBuildPhase;
			buildActionMask = 2147483647;
			files = (
				56EF497E1BF5FD6F00714103 /* raw.cpp in Sources */,
				56EF47571BF5F4F300714103 /* 569hw4_p1.cpp in Sources */,
				56F6DC6C1C0576E500965929 /* 569hw4_p3.cpp in Sources */,
				56EAB40D1BF9CFB600E9A4BC /* EE569_HW3.cpp in Sources */,
			);
			runOnlyForDeploymentPostprocessing = 0;
		};
/* End PBXSourcesBuildPhase section */

/* Begin XCBuildConfiguration section */
		56EF47581BF5F4F300714103 /* Debug */ = {
			isa = XCBuildConfiguration;
			buildSettings = {
				ALWAYS_SEARCH_USER_PATHS = NO;
				CLANG_CXX_LANGUAGE_STANDARD = "gnu++0x";
				CLANG_CXX_LIBRARY = "libc++";
				CLANG_ENABLE_MODULES = YES;
				CLANG_ENABLE_OBJC_ARC = YES;
				CLANG_WARN_BOOL_CONVERSION = YES;
				CLANG_WARN_CONSTANT_CONVERSION = YES;
				CLANG_WARN_DIRECT_OBJC_ISA_USAGE = YES_ERROR;
				CLANG_WARN_EMPTY_BODY = YES;
				CLANG_WARN_ENUM_CONVERSION = YES;
				CLANG_WARN_INT_CONVERSION = YES;
				CLANG_WARN_OBJC_ROOT_CLASS = YES_ERROR;
				CLANG_WARN_UNREACHABLE_CODE = YES;
				CLANG_WARN__DUPLICATE_METHOD_MATCH = YES;
				CODE_SIGN_IDENTITY = "-";
				COPY_PHASE_STRIP = NO;
				DEBUG_INFORMATION_FORMAT = dwarf;
				ENABLE_STRICT_OBJC_MSGSEND = YES;
				ENABLE_TESTABILITY = YES;
				GCC_C_LANGUAGE_STANDARD = gnu99;
				GCC_DYNAMIC_NO_PIC = NO;
				GCC_NO_COMMON_BLOCKS = YES;
				GCC_OPTIMIZATION_LEVEL = 0;
				GCC_PREPROCESSOR_DEFINITIONS = (
					"DEBUG=1",
					"$(inherited)",
				);
				GCC_WARN_64_TO_32_BIT_CONVERSION = YES;
				GCC_WARN_ABOUT_RETURN_TYPE = YES_ERROR;
				GCC_WARN_UNDECLARED_SELECTOR = YES;
				GCC_WARN_UNINITIALIZED_AUTOS = YES_AGGRESSIVE;
				GCC_WARN_UNUSED_FUNCTION = YES;
				GCC_WARN_UNUSED_VARIABLE = YES;
				MACOSX_DEPLOYMENT_TARGET = 10.11;
				MTL_ENABLE_DEBUG_INFO = YES;
				ONLY_ACTIVE_ARCH = YES;
				SDKROOT = macosx;
			};
			name = Debug;
		};
		56EF47591BF5F4F300714103 /* Release */ = {
			isa = XCBuildConfiguration;
			buildSettings = {
				ALWAYS_SEARCH_USER_PATHS = NO;
				CLANG_CXX_LANGUAGE_STANDARD = "gnu++0x";
				CLANG_CXX_LIBRARY = "libc++";
				CLANG_ENABLE_MODULES = YES;
				CLANG_ENABLE_OBJC_ARC = YES;
				CLANG_WARN_BOOL_CONVERSION = YES;
				CLANG_WARN_CONSTANT_CONVERSION = YES;
				CLANG_WARN_DIRECT_OBJC_ISA_USAGE = YES_ERROR;
				CLANG_WARN_EMPTY_BODY = YES;
				CLANG_WARN_ENUM_CONVERSION = YES;
				CLANG_WARN_INT_CONVERSION = YES;
				CLANG_WARN_OBJC_ROOT_CLASS = YES_ERROR;
				CLANG_WARN_UNREACHABLE_CODE = YES;
				CLANG_WARN__DUPLICATE_METHOD_MATCH = YES;
				CODE_SIGN_IDENTITY = "-";
				COPY_PHASE_STRIP = NO;
				DEBUG_INFORMATION_FORMAT = "dwarf-with-dsym";
				ENABLE_NS_ASSERTIONS = NO;
				ENABLE_STRICT_OBJC_MSGSEND = YES;
				GCC_C_LANGUAGE_STANDARD = gnu99;
				GCC_NO_COMMON_BLOCKS = YES;
				GCC_WARN_64_TO_32_BIT_CONVERSION = YES;
				GCC_WARN_ABOUT_RETURN_TYPE = YES_ERROR;
				GCC_WARN_UNDECLARED_SELECTOR = YES;
				GCC_WARN_UNINITIALIZED_AUTOS = YES_AGGRESSIVE;
				GCC_WARN_UNUSED_FUNCTION = YES;
				GCC_WARN_UNUSED_VARIABLE = YES;
				MACOSX_DEPLOYMENT_TARGET = 10.11;
				MTL_ENABLE_DEBUG_INFO = NO;
				SDKROOT = macosx;
			};
			name = Release;
		};
		56EF475B1BF5F4F300714103 /* Debug */ = {
			isa = XCBuildConfiguration;
			buildSettings = {
				HEADER_SEARCH_PATHS = /usr/local/include;
				LIBRARY_SEARCH_PATHS = "\"/usr/local/lib/libopencv 2.4.11\"";
				PRODUCT_NAME = "$(TARGET_NAME)";
			};
			name = Debug;
		};
		56EF475C1BF5F4F300714103 /* Release */ = {
			isa = XCBuildConfiguration;
			buildSettings = {
				HEADER_SEARCH_PATHS = /usr/local/include;
				LIBRARY_SEARCH_PATHS = "\"/usr/local/lib/libopencv 2.4.11\"";
				PRODUCT_NAME = "$(TARGET_NAME)";
			};
			name = Release;
		};
/* End XCBuildConfiguration section */

/* Begin XCConfigurationList section */
		56EF474E1BF5F4F300714103 /* Build configuration list for PBXProject "569hw4" */ = {
			isa = XCConfigurationList;
			buildConfigurations = (
				56EF47581BF5F4F300714103 /* Debug */,
				56EF47591BF5F4F300714103 /* Release */,
			);
			defaultConfigurationIsVisible = 0;
			defaultConfigurationName = Release;
		};
		56EF475A1BF5F4F300714103 /* Build configuration list for PBXNativeTarget "569hw4" */ = {
			isa = XCConfigurationList;
			buildConfigurations = (
				56EF475B1BF5F4F300714103 /* Debug */,
				56EF475C1BF5F4F300714103 /* Release */,
			);
			defaultConfigurationIsVisible = 0;
			defaultConfigurationName = Release;
		};
/* End XCConfigurationList section */
	};
	rootObject = 56EF474B1BF5F4F300714103 /* Project object */;
}
